
Microsoft Visual Studio Solution File, Format Version 12.00
# Visual Studio Version 17
VisualStudioVersion = 17.2.32616.157
MinimumVisualStudioVersion = 10.0.40219.1
Project("{FAE04EC0-301F-11D3-BF4B-00C04F79EFBC}") = "HR-Employees", "HR-Employees\HR-Employees.csproj", "{9924C7CF-BA33-41F2-B95F-C2743945B091}"
EndProject
Global
	GlobalSection(SolutionConfigurationPlatforms) = preSolution
		Debug|Any CPU = Debug|Any CPU
		Release|Any CPU = Release|Any CPU
	EndGlobalSection
	GlobalSection(ProjectConfigurationPlatforms) = postSolution
		{9924C7CF-BA33-41F2-B95F-C2743945B091}.Debug|Any CPU.ActiveCfg = Debug|Any CPU
		{9924C7CF-BA33-41F2-B95F-C2743945B091}.Debug|Any CPU.Build.0 = Debug|Any CPU
		{9924C7CF-BA33-41F2-B95F-C2743945B091}.Release|Any CPU.ActiveCfg = Release|Any CPU
		{9924C7CF-BA33-41F2-B95F-C2743945B091}.Release|Any CPU.Build.0 = Release|Any CPU
	EndGlobalSection
	GlobalSection(SolutionProperties) = preSolution
		HideSolutionNode = FALSE
	EndGlobalSection
	GlobalSection(ExtensibilityGlobals) = postSolution
		SolutionGuid = {B56AA63D-DEF6-4F50-9DBC-E265ACB9DEC2}
	EndGlobalSection
EndGlobal
